
Microsoft Visual Studio Solution File, Format Version 12.00
# Visual Studio Version 16
VisualStudioVersion = 16.0.30907.101
MinimumVisualStudioVersion = 10.0.40219.1
Project("{FAE04EC0-301F-11D3-BF4B-00C04F79EFBC}") = "GitHub", "GitHub.csproj", "{5DAE96D6-F42F-4474-B845-9A6634297F1A}"
EndProject
Global
	GlobalSection(SolutionConfigurationPlatforms) = preSolution
		Debug|Any CPU = Debug|Any CPU
		Release|Any CPU = Release|Any CPU
	EndGlobalSection
	GlobalSection(ProjectConfigurationPlatforms) = postSolution
		{5DAE96D6-F42F-4474-B845-9A6634297F1A}.Debug|Any CPU.ActiveCfg = Debug|Any CPU
		{5DAE96D6-F42F-4474-B845-9A6634297F1A}.Debug|Any CPU.Build.0 = Debug|Any CPU
		{5DAE96D6-F42F-4474-B845-9A6634297F1A}.Release|Any CPU.ActiveCfg = Release|Any CPU
		{5DAE96D6-F42F-4474-B845-9A6634297F1A}.Release|Any CPU.Build.0 = Release|Any CPU
	EndGlobalSection
	GlobalSection(SolutionProperties) = preSolution
		HideSolutionNode = FALSE
	EndGlobalSection
	GlobalSection(ExtensibilityGlobals) = postSolution
		SolutionGuid = {E91F7F88-36C4-4300-8F99-A7FB51D2C831}
	EndGlobalSection
EndGlobal
